github.com/adrg/xdg v0.5.3 h1:xRnxJXne7+oWDatRhR1JLnvuccuIeCoBu2rtuLqQB78=
github.com/adrg/xdg v0.5.3/go.mod h1:nlTsY+NNiCBGCK2tpm09vRqfVzrc2fLmXGpBLF0zlTQ=
github.com/gofrs/uuid/v5 v5.5.1 h1:z1Ce19/JwNidXpy3tOQc3241lnJLKdKyq/xlNvlD4Ng=
github.com/gofrs/uuid/v5 v5.5.1/go.mod h1:bbAA98EoIlxyRHIVg6ektCSsZ5n8mSbwgEhvhMYlZgg=
github.com/google/go-cmp v0.7.0 h1:wk8382ETsv4JYUZwIsn6YpYiWiBsYLSJiTsyBybVuN8=
github.com/google/go-cmp v0.7.0/go.mod h1:pXiqmnSA92OHEEa9HXL2W4E7lf9JzCmGVUdgjX3N/iU=
github.com/nextmn/cli-xdg v0.0.1 h1:IboSpc2dPINT9/ErwW+9rVFmckaMp7s/oEMx5+kDgL4=
github.com/nextmn/cli-xdg v0.0.1/go.mod h1:Uzay2Eepw4hfwNVHa6KWnb2mj/Cxiyh4iFllbzkavdc=
github.com/nextmn/go-pfcp-networking v0.0.43-0.20260111201636-7b8fe7a6c0d1 h1:iwdh7qHNErXJruVl2bvTMp1u6IS0IYw3vVj5gq8+C5w=
github.com/nextmn/go-pfcp-networking v0.0.43-0.20260111201636-7b8fe7a6c0d1/go.mod h1:LC4Bjbr/XLD4Mt5K3O8mERnFsbFNQmXTp7sshGkQeIA=
github.com/nextmn/json-api v0.1.1 h1:uTTfP8BUq23222TJylJmML9KmlDjN7msqX4Emx+DRlM=
github.com/nextmn/json-api v0.1.1/go.mod h1:b42fn9zSrVutyfkQN3rtMHEc9Ll/ZhX3T0CczaQy/fc=
github.com/nextmn/logrus-formatter v0.3.0 h1:X3GEr4IhdyGJKSzuiadVBIiXgO/0HU8RlSBtald0UEQ=
github.com/nextmn/logrus-formatter v0.3.0/go.mod h1:cxZ80PgYrZq8R7sp/UlENRdDCZ93IpPRmzRWasBSdBQ=
github.com/nextmn/rfc9433 v0.0.4 h1:bueCkRLDX8/Oy8FegWGC30d0+K1HchB+8eEQqnnuaI0=
github.com/nextmn/rfc9433 v0.0.4/go.mod h1:Koz+YcssPq1aOHyiEVPnJV+uLfz2omV0iZNJVb/nwm8=
github.com/sirupsen/logrus v1.10.2 h1:G2SED73/qrAu6YwbdxOD6peLkCBI3z7L+ykJFTXJBBo=
github.com/sirupsen/logrus v1.10.2/go.mod h1:SLEg8TqYulVKKfIGHldVp2K2aYz2DKSVBq4g/H5bR7Q=
github.com/stretchr/testify v1.12.1 h1:EuwCh5fleGS7H32xRwO3wRGT7DxrDhLAT6FF8MpWDWE=
github.com/stretchr/testify v1.12.1/go.mod h1:MDEgiDPPsNp5cuIrHPPCyornHKgEVbtFUmoNlxoYthg=
github.com/urfave/cli/v3 v3.14.0 h1:a8414NQlHJs0c/iBsulKLzlES0n/lEAskbL2LKpU4/s=
github.com/urfave/cli/v3 v3.14.0/go.mod h1:vXn6HxPNccJSzQr2QvwVncOKrgYGIHU0HY5h8B2nQj4=
github.com/wmnsk/go-pfcp v0.0.24 h1:sv4F3U/IphsPUMXMkTJW877CRvXZ1sF5onWHGBvxx/A=
github.com/wmnsk/go-pfcp v0.0.24/go.mod h1:8EUVvOzlz25wkUs9D8STNAs5zGyIo5xEUpHQOUZ/iSg=
go.yaml.in/yaml/v3 v3.0.5 h1:N6y/pJk8buWs9NY5ERU2HSMfm+IuD/OtfdAnq6kESPw=
go.yaml.in/yaml/v3 v3.0.5/go.mod h1:HVTZu1O7/Vkt2N+BFy8Zza+lnLsABggaTM2ZpNIGuKg=
golang.org/x/sys v0.48.0 h1:bbX/i/6MgT9BVLM9RT1thmxL04yeTAhbEz4SyadbXoo=
golang.org/x/sys v0.48.0/go.mod h1:hNLxWAXmnKAxqDtdwIYC4bM9oQPEecfsnNMuSxOs3og=
